// !$*UTF8*$!
{
	archiveVersion = 1;
	classes = {
	};
	objectVersion = 55;
	objects = {

/* Begin PBXBuildFile section */
		037D417528A1DAEE00116B87 /* NetworkClientProtocol.swift in Sources */ = {isa = PBXBuildFile; fileRef = 037D417428A1DAEE00116B87 /* NetworkClientProtocol.swift */; };
		037D417828A1DB8900116B87 /* HttpMethod.swift in Sources */ = {isa = PBXBuildFile; fileRef = 037D417728A1DB8900116B87 /* HttpMethod.swift */; };
		037D417A28A1DBDD00116B87 /* BaseUrl.swift in Sources */ = {isa = PBXBuildFile; fileRef = 037D417928A1DBDD00116B87 /* BaseUrl.swift */; };
		037D417C28A1DC6500116B87 /* Endpoints.swift in Sources */ = {isa = PBXBuildFile; fileRef = 037D417B28A1DC6500116B87 /* Endpoints.swift */; };
		038808A228A0894E00A9304F /* Networking.framework in Frameworks */ = {isa = PBXBuildFile; fileRef = 0388089928A0894D00A9304F /* Networking.framework */; };
		038808A828A0894E00A9304F /* Networking.h in Headers */ = {isa = PBXBuildFile; fileRef = 0388089C28A0894D00A9304F /* Networking.h */; settings = {ATTRIBUTES = (Public, ); }; };
		03FB8D9128A1DDA8009E5AA9 /* NetworkClient.swift in Sources */ = {isa = PBXBuildFile; fileRef = 03FB8D9028A1DDA8009E5AA9 /* NetworkClient.swift */; };
		03FB8D9328A1DE8B009E5AA9 /* NetworkClientError.swift in Sources */ = {isa = PBXBuildFile; fileRef = 03FB8D9228A1DE8B009E5AA9 /* NetworkClientError.swift */; };
		8A2ACED728A28A290066D2CE /* URLSessionProtocol.swift in Sources */ = {isa = PBXBuildFile; fileRef = 8A2ACED628A28A290066D2CE /* URLSessionProtocol.swift */; };
		8A2ACEDB28A28AC10066D2CE /* FakeURLSession.swift in Sources */ = {isa = PBXBuildFile; fileRef = 8A2ACEDA28A28AC10066D2CE /* FakeURLSession.swift */; };
		8A2ACEDD28A28D3A0066D2CE /* NetworkClientTests.swift in Sources */ = {isa = PBXBuildFile; fileRef = 8A2ACEDC28A28D3A0066D2CE /* NetworkClientTests.swift */; };
		8A2ACEE028A299D10066D2CE /* NetworkClientError+Id.swift in Sources */ = {isa = PBXBuildFile; fileRef = 8A2ACEDF28A299D10066D2CE /* NetworkClientError+Id.swift */; };
		BE4F1F21850E730E3850BFCA /* Pods_Networking.framework in Frameworks */ = {isa = PBXBuildFile; fileRef = 32318737A8FC711B7E91D015 /* Pods_Networking.framework */; };
		BF96EF34A94F26DF23A74DD0 /* Pods_NetworkingTests.framework in Frameworks */ = {isa = PBXBuildFile; fileRef = 3F72833B93F8A263C06274A7 /* Pods_NetworkingTests.framework */; };
/* End PBXBuildFile section */

/* Begin PBXContainerItemProxy section */
		038808A328A0894E00A9304F /* PBXContainerItemProxy */ = {
			isa = PBXContainerItemProxy;
			containerPortal = 0388089028A0894D00A9304F /* Project object */;
			proxyType = 1;
			remoteGlobalIDString = 0388089828A0894D00A9304F;
			remoteInfo = Networking;
		};
/* End PBXContainerItemProxy section */

/* Begin PBXFileReference section */
		0009B70435498F0762A065C6 /* Pods-Networking.release.xcconfig */ = {isa = PBXFileReference; includeInIndex = 1; lastKnownFileType = text.xcconfig; name = "Pods-Networking.release.xcconfig"; path = "Target Support Files/Pods-Networking/Pods-Networking.release.xcconfig"; sourceTree = "<group>"; };
		037D417428A1DAEE00116B87 /* NetworkClientProtocol.swift */ = {isa = PBXFileReference; lastKnownFileType = sourcecode.swift; path = NetworkClientProtocol.swift; sourceTree = "<group>"; };
		037D417728A1DB8900116B87 /* HttpMethod.swift */ = {isa = PBXFileReference; lastKnownFileType = sourcecode.swift; path = HttpMethod.swift; sourceTree = "<group>"; };
		037D417928A1DBDD00116B87 /* BaseUrl.swift */ = {isa = PBXFileReference; lastKnownFileType = sourcecode.swift; path = BaseUrl.swift; sourceTree = "<group>"; };
		037D417B28A1DC6500116B87 /* Endpoints.swift */ = {isa = PBXFileReference; lastKnownFileType = sourcecode.swift; path = Endpoints.swift; sourceTree = "<group>"; };
		0388089928A0894D00A9304F /* Networking.framework */ = {isa = PBXFileReference; explicitFileType = wrapper.framework; includeInIndex = 0; path = Networking.framework; sourceTree = BUILT_PRODUCTS_DIR; };
		0388089C28A0894D00A9304F /* Networking.h */ = {isa = PBXFileReference; lastKnownFileType = sourcecode.c.h; path = Networking.h; sourceTree = "<group>"; };
		038808A128A0894E00A9304F /* NetworkingTests.xctest */ = {isa = PBXFileReference; explicitFileType = wrapper.cfbundle; includeInIndex = 0; path = NetworkingTests.xctest; sourceTree = BUILT_PRODUCTS_DIR; };
		03FB8D9028A1DDA8009E5AA9 /* NetworkClient.swift */ = {isa = PBXFileReference; lastKnownFileType = sourcecode.swift; path = NetworkClient.swift; sourceTree = "<group>"; };
		03FB8D9228A1DE8B009E5AA9 /* NetworkClientError.swift */ = {isa = PBXFileReference; lastKnownFileType = sourcecode.swift; path = NetworkClientError.swift; sourceTree = "<group>"; };
		32318737A8FC711B7E91D015 /* Pods_Networking.framework */ = {isa = PBXFileReference; explicitFileType = wrapper.framework; includeInIndex = 0; path = Pods_Networking.framework; sourceTree = BUILT_PRODUCTS_DIR; };
		3B824FEBF2CFB5129C376EF1 /* Pods-NetworkingTests.release.xcconfig */ = {isa = PBXFileReference; includeInIndex = 1; lastKnownFileType = text.xcconfig; name = "Pods-NetworkingTests.release.xcconfig"; path = "Target Support Files/Pods-NetworkingTests/Pods-NetworkingTests.release.xcconfig"; sourceTree = "<group>"; };
		3F72833B93F8A263C06274A7 /* Pods_NetworkingTests.framework */ = {isa = PBXFileReference; explicitFileType = wrapper.framework; includeInIndex = 0; path = Pods_NetworkingTests.framework; sourceTree = BUILT_PRODUCTS_DIR; };
		7FA020065209A109E27309E7 /* Pods-Networking.debug.xcconfig */ = {isa = PBXFileReference; includeInIndex = 1; lastKnownFileType = text.xcconfig; name = "Pods-Networking.debug.xcconfig"; path = "Target Support Files/Pods-Networking/Pods-Networking.debug.xcconfig"; sourceTree = "<group>"; };
		8A2ACED628A28A290066D2CE /* URLSessionProtocol.swift */ = {isa = PBXFileReference; lastKnownFileType = sourcecode.swift; path = URLSessionProtocol.swift; sourceTree = "<group>"; };
		8A2ACEDA28A28AC10066D2CE /* FakeURLSession.swift */ = {isa = PBXFileReference; lastKnownFileType = sourcecode.swift; path = FakeURLSession.swift; sourceTree = "<group>"; };
		8A2ACEDC28A28D3A0066D2CE /* NetworkClientTests.swift */ = {isa = PBXFileReference; lastKnownFileType = sourcecode.swift; path = NetworkClientTests.swift; sourceTree = "<group>"; };
		8A2ACEDF28A299D10066D2CE /* NetworkClientError+Id.swift */ = {isa = PBXFileReference; lastKnownFileType = sourcecode.swift; path = "NetworkClientError+Id.swift"; sourceTree = "<group>"; };
		D2C7C439A42D8E414FB9632F /* Pods-NetworkingTests.debug.xcconfig */ = {isa = PBXFileReference; includeInIndex = 1; lastKnownFileType = text.xcconfig; name = "Pods-NetworkingTests.debug.xcconfig"; path = "Target Support Files/Pods-NetworkingTests/Pods-NetworkingTests.debug.xcconfig"; sourceTree = "<group>"; };
/* End PBXFileReference section */

/* Begin PBXFrameworksBuildPhase section */
		0388089628A0894D00A9304F /* Frameworks */ = {
			isa = PBXFrameworksBuildPhase;
			buildActionMask = 2147483647;
			files = (
				BE4F1F21850E730E3850BFCA /* Pods_Networking.framework in Frameworks */,
			);
			runOnlyForDeploymentPostprocessing = 0;
		};
		0388089E28A0894E00A9304F /* Frameworks */ = {
			isa = PBXFrameworksBuildPhase;
			buildActionMask = 2147483647;
			files = (
				038808A228A0894E00A9304F /* Networking.framework in Frameworks */,
				BF96EF34A94F26DF23A74DD0 /* Pods_NetworkingTests.framework in Frameworks */,
			);
			runOnlyForDeploymentPostprocessing = 0;
		};
/* End PBXFrameworksBuildPhase section */

/* Begin PBXGroup section */
		037D417628A1DB7A00116B87 /* Models */ = {
			isa = PBXGroup;
			children = (
				037D417728A1DB8900116B87 /* HttpMethod.swift */,
				037D417928A1DBDD00116B87 /* BaseUrl.swift */,
				037D417B28A1DC6500116B87 /* Endpoints.swift */,
			);
			path = Models;
			sourceTree = "<group>";
		};
		0388088F28A0894D00A9304F = {
			isa = PBXGroup;
			children = (
				0388089B28A0894D00A9304F /* Networking */,
				038808A528A0894E00A9304F /* NetworkingTests */,
				0388089A28A0894D00A9304F /* Products */,
				877C63259252888EB16D1EE7 /* Pods */,
				1A67BB55B1223D52C6AF9197 /* Frameworks */,
			);
			sourceTree = "<group>";
		};
		0388089A28A0894D00A9304F /* Products */ = {
			isa = PBXGroup;
			children = (
				0388089928A0894D00A9304F /* Networking.framework */,
				038808A128A0894E00A9304F /* NetworkingTests.xctest */,
			);
			name = Products;
			sourceTree = "<group>";
		};
		0388089B28A0894D00A9304F /* Networking */ = {
			isa = PBXGroup;
			children = (
				8A2ACED528A289F40066D2CE /* Utils */,
				03FB8D8F28A1DD87009E5AA9 /* Client */,
				037D417628A1DB7A00116B87 /* Models */,
				0388089C28A0894D00A9304F /* Networking.h */,
			);
			path = Networking;
			sourceTree = "<group>";
		};
		038808A528A0894E00A9304F /* NetworkingTests */ = {
			isa = PBXGroup;
			children = (
				8A2ACEDE28A299BF0066D2CE /* Utils */,
				8A2ACED928A28AB20066D2CE /* Fake */,
				8A2ACED828A28AAC0066D2CE /* Tests */,
			);
			path = NetworkingTests;
			sourceTree = "<group>";
		};
		03FB8D8F28A1DD87009E5AA9 /* Client */ = {
			isa = PBXGroup;
			children = (
				037D417428A1DAEE00116B87 /* NetworkClientProtocol.swift */,
				03FB8D9028A1DDA8009E5AA9 /* NetworkClient.swift */,
				03FB8D9228A1DE8B009E5AA9 /* NetworkClientError.swift */,
			);
			path = Client;
			sourceTree = "<group>";
		};
		1A67BB55B1223D52C6AF9197 /* Frameworks */ = {
			isa = PBXGroup;
			children = (
				32318737A8FC711B7E91D015 /* Pods_Networking.framework */,
				3F72833B93F8A263C06274A7 /* Pods_NetworkingTests.framework */,
			);
			name = Frameworks;
			sourceTree = "<group>";
		};
		877C63259252888EB16D1EE7 /* Pods */ = {
			isa = PBXGroup;
			children = (
				7FA020065209A109E27309E7 /* Pods-Networking.debug.xcconfig */,
				0009B70435498F0762A065C6 /* Pods-Networking.release.xcconfig */,
				D2C7C439A42D8E414FB9632F /* Pods-NetworkingTests.debug.xcconfig */,
				3B824FEBF2CFB5129C376EF1 /* Pods-NetworkingTests.release.xcconfig */,
			);
			name = Pods;
			path = ../Pods;
			sourceTree = "<group>";
		};
		8A2ACED528A289F40066D2CE /* Utils */ = {
			isa = PBXGroup;
			children = (
				8A2ACED628A28A290066D2CE /* URLSessionProtocol.swift */,
			);
			path = Utils;
			sourceTree = "<group>";
		};
		8A2ACED828A28AAC0066D2CE /* Tests */ = {
			isa = PBXGroup;
			children = (
				8A2ACEDC28A28D3A0066D2CE /* NetworkClientTests.swift */,
			);
			path = Tests;
			sourceTree = "<group>";
		};
		8A2ACED928A28AB20066D2CE /* Fake */ = {
			isa = PBXGroup;
			children = (
				8A2ACEDA28A28AC10066D2CE /* FakeURLSession.swift */,
			);
			path = Fake;
			sourceTree = "<group>";
		};
		8A2ACEDE28A299BF0066D2CE /* Utils */ = {
			isa = PBXGroup;
			children = (
				8A2ACEDF28A299D10066D2CE /* NetworkClientError+Id.swift */,
			);
			path = Utils;
			sourceTree = "<group>";
		};
/* End PBXGroup section */

/* Begin PBXHeadersBuildPhase section */
		0388089428A0894D00A9304F /* Headers */ = {
			isa = PBXHeadersBuildPhase;
			buildActionMask = 2147483647;
			files = (
				038808A828A0894E00A9304F /* Networking.h in Headers */,
			);
			runOnlyForDeploymentPostprocessing = 0;
		};
/* End PBXHeadersBuildPhase section */

/* Begin PBXNativeTarget section */
		0388089828A0894D00A9304F /* Networking */ = {
			isa = PBXNativeTarget;
			buildConfigurationList = 038808AB28A0894E00A9304F /* Build configuration list for PBXNativeTarget "Networking" */;
			buildPhases = (
				A2DBF34CA0A6FBD5748AEB72 /* [CP] Check Pods Manifest.lock */,
				0388089428A0894D00A9304F /* Headers */,
				0388089528A0894D00A9304F /* Sources */,
				0388089628A0894D00A9304F /* Frameworks */,
				0388089728A0894D00A9304F /* Resources */,
			);
			buildRules = (
			);
			dependencies = (
			);
			name = Networking;
			productName = Networking;
			productReference = 0388089928A0894D00A9304F /* Networking.framework */;
			productType = "com.apple.product-type.framework";
		};
		038808A028A0894E00A9304F /* NetworkingTests */ = {
			isa = PBXNativeTarget;
			buildConfigurationList = 038808AE28A0894E00A9304F /* Build configuration list for PBXNativeTarget "NetworkingTests" */;
			buildPhases = (
				9E6F5AC53ED248E6E00D84BC /* [CP] Check Pods Manifest.lock */,
				0388089D28A0894E00A9304F /* Sources */,
				0388089E28A0894E00A9304F /* Frameworks */,
				0388089F28A0894E00A9304F /* Resources */,
				2A154494C71A9F810E1EFBEA /* [CP] Embed Pods Frameworks */,
			);
			buildRules = (
			);
			dependencies = (
				038808A428A0894E00A9304F /* PBXTargetDependency */,
			);
			name = NetworkingTests;
			productName = NetworkingTests;
			productReference = 038808A128A0894E00A9304F /* NetworkingTests.xctest */;
			productType = "com.apple.product-type.bundle.unit-test";
		};
/* End PBXNativeTarget section */

/* Begin PBXProject section */
		0388089028A0894D00A9304F /* Project object */ = {
			isa = PBXProject;
			attributes = {
				BuildIndependentTargetsInParallel = 1;
				LastSwiftUpdateCheck = 1340;
				LastUpgradeCheck = 1340;
				TargetAttributes = {
					0388089828A0894D00A9304F = {
						CreatedOnToolsVersion = 13.4.1;
						LastSwiftMigration = 1340;
					};
					038808A028A0894E00A9304F = {
						CreatedOnToolsVersion = 13.4.1;
					};
				};
			};
			buildConfigurationList = 0388089328A0894D00A9304F /* Build configuration list for PBXProject "Networking" */;
			compatibilityVersion = "Xcode 13.0";
			developmentRegion = en;
			hasScannedForEncodings = 0;
			knownRegions = (
				en,
				Base,
			);
			mainGroup = 0388088F28A0894D00A9304F;
			productRefGroup = 0388089A28A0894D00A9304F /* Products */;
			projectDirPath = "";
			projectRoot = "";
			targets = (
				0388089828A0894D00A9304F /* Networking */,
				038808A028A0894E00A9304F /* NetworkingTests */,
			);
		};
/* End PBXProject section */

/* Begin PBXResourcesBuildPhase section */
		0388089728A0894D00A9304F /* Resources */ = {
			isa = PBXResourcesBuildPhase;
			buildActionMask = 2147483647;
			files = (
			);
			runOnlyForDeploymentPostprocessing = 0;
		};
		0388089F28A0894E00A9304F /* Resources */ = {
			isa = PBXResourcesBuildPhase;
			buildActionMask = 2147483647;
			files = (
			);
			runOnlyForDeploymentPostprocessing = 0;
		};
/* End PBXResourcesBuildPhase section */

/* Begin PBXShellScriptBuildPhase section */
		2A154494C71A9F810E1EFBEA /* [CP] Embed Pods Frameworks */ = {
			isa = PBXShellScriptBuildPhase;
			buildActionMask = 2147483647;
			files = (
			);
			inputFileListPaths = (
				"${PODS_ROOT}/Target Support Files/Pods-NetworkingTests/Pods-NetworkingTests-frameworks-${CONFIGURATION}-input-files.xcfilelist",
			);
			name = "[CP] Embed Pods Frameworks";
			outputFileListPaths = (
				"${PODS_ROOT}/Target Support Files/Pods-NetworkingTests/Pods-NetworkingTests-frameworks-${CONFIGURATION}-output-files.xcfilelist",
			);
			runOnlyForDeploymentPostprocessing = 0;
			shellPath = /bin/sh;
			shellScript = "\"${PODS_ROOT}/Target Support Files/Pods-NetworkingTests/Pods-NetworkingTests-frameworks.sh\"\n";
			showEnvVarsInLog = 0;
		};
		9E6F5AC53ED248E6E00D84BC /* [CP] Check Pods Manifest.lock */ = {
			isa = PBXShellScriptBuildPhase;
			buildActionMask = 2147483647;
			files = (
			);
			inputFileListPaths = (
			);
			inputPaths = (
				"${PODS_PODFILE_DIR_PATH}/Podfile.lock",
				"${PODS_ROOT}/Manifest.lock",
			);
			name = "[CP] Check Pods Manifest.lock";
			outputFileListPaths = (
			);
			outputPaths = (
				"$(DERIVED_FILE_DIR)/Pods-NetworkingTests-checkManifestLockResult.txt",
			);
			runOnlyForDeploymentPostprocessing = 0;
			shellPath = /bin/sh;
			shellScript = "diff \"${PODS_PODFILE_DIR_PATH}/Podfile.lock\" \"${PODS_ROOT}/Manifest.lock\" > /dev/null\nif [ $? != 0 ] ; then\n    # print error to STDERR\n    echo \"error: The sandbox is not in sync with the Podfile.lock. Run 'pod install' or update your CocoaPods installation.\" >&2\n    exit 1\nfi\n# This output is used by Xcode 'outputs' to avoid re-running this script phase.\necho \"SUCCESS\" > \"${SCRIPT_OUTPUT_FILE_0}\"\n";
			showEnvVarsInLog = 0;
		};
		A2DBF34CA0A6FBD5748AEB72 /* [CP] Check Pods Manifest.lock */ = {
			isa = PBXShellScriptBuildPhase;
			buildActionMask = 2147483647;
			files = (
			);
			inputFileListPaths = (
			);
			inputPaths = (
				"${PODS_PODFILE_DIR_PATH}/Podfile.lock",
				"${PODS_ROOT}/Manifest.lock",
			);
			name = "[CP] Check Pods Manifest.lock";
			outputFileListPaths = (
			);
			outputPaths = (
				"$(DERIVED_FILE_DIR)/Pods-Networking-checkManifestLockResult.txt",
			);
			runOnlyForDeploymentPostprocessing = 0;
			shellPath = /bin/sh;
			shellScript = "diff \"${PODS_PODFILE_DIR_PATH}/Podfile.lock\" \"${PODS_ROOT}/Manifest.lock\" > /dev/null\nif [ $? != 0 ] ; then\n    # print error to STDERR\n    echo \"error: The sandbox is not in sync with the Podfile.lock. Run 'pod install' or update your CocoaPods installation.\" >&2\n    exit 1\nfi\n# This output is used by Xcode 'outputs' to avoid re-running this script phase.\necho \"SUCCESS\" > \"${SCRIPT_OUTPUT_FILE_0}\"\n";
			showEnvVarsInLog = 0;
		};
/* End PBXShellScriptBuildPhase section */

/* Begin PBXSourcesBuildPhase section */
		0388089528A0894D00A9304F /* Sources */ = {
			isa = PBXSourcesBuildPhase;
			buildActionMask = 2147483647;
			files = (
				8A2ACED728A28A290066D2CE /* URLSessionProtocol.swift in Sources */,
				037D417828A1DB8900116B87 /* HttpMethod.swift in Sources */,
				03FB8D9128A1DDA8009E5AA9 /* NetworkClient.swift in Sources */,
				037D417A28A1DBDD00116B87 /* BaseUrl.swift in Sources */,
				037D417C28A1DC6500116B87 /* Endpoints.swift in Sources */,
				03FB8D9328A1DE8B009E5AA9 /* NetworkClientError.swift in Sources */,
				037D417528A1DAEE00116B87 /* NetworkClientProtocol.swift in Sources */,
			);
			runOnlyForDeploymentPostprocessing = 0;
		};
		0388089D28A0894E00A9304F /* Sources */ = {
			isa = PBXSourcesBuildPhase;
			buildActionMask = 2147483647;
			files = (
				8A2ACEDB28A28AC10066D2CE /* FakeURLSession.swift in Sources */,
				8A2ACEDD28A28D3A0066D2CE /* NetworkClientTests.swift in Sources */,
				8A2ACEE028A299D10066D2CE /* NetworkClientError+Id.swift in Sources */,
			);
			runOnlyForDeploymentPostprocessing = 0;
		};
/* End PBXSourcesBuildPhase section */

/* Begin PBXTargetDependency section */
		038808A428A0894E00A9304F /* PBXTargetDependency */ = {
			isa = PBXTargetDependency;
			target = 0388089828A0894D00A9304F /* Networking */;
			targetProxy = 038808A328A0894E00A9304F /* PBXContainerItemProxy */;
		};
/* End PBXTargetDependency section */

/* Begin XCBuildConfiguration section */
		038808A928A0894E00A9304F /* Debug */ = {
			isa = XCBuildConfiguration;
			buildSettings = {
				ALWAYS_SEARCH_USER_PATHS = NO;
				CLANG_ANALYZER_NONNULL = YES;
				CLANG_ANALYZER_NUMBER_OBJECT_CONVERSION = YES_AGGRESSIVE;
				CLANG_CXX_LANGUAGE_STANDARD = "gnu++17";
				CLANG_ENABLE_MODULES = YES;
				CLANG_ENABLE_OBJC_ARC = YES;
				CLANG_ENABLE_OBJC_WEAK = YES;
				CLANG_WARN_BLOCK_CAPTURE_AUTORELEASING = YES;
				CLANG_WARN_BOOL_CONVERSION = YES;
				CLANG_WARN_COMMA = YES;
				CLANG_WARN_CONSTANT_CONVERSION = YES;
				CLANG_WARN_DEPRECATED_OBJC_IMPLEMENTATIONS = YES;
				CLANG_WARN_DIRECT_OBJC_ISA_USAGE = YES_ERROR;
				CLANG_WARN_DOCUMENTATION_COMMENTS = YES;
				CLANG_WARN_EMPTY_BODY = YES;
				CLANG_WARN_ENUM_CONVERSION = YES;
				CLANG_WARN_INFINITE_RECURSION = YES;
				CLANG_WARN_INT_CONVERSION = YES;
				CLANG_WARN_NON_LITERAL_NULL_CONVERSION = YES;
				CLANG_WARN_OBJC_IMPLICIT_RETAIN_SELF = YES;
				CLANG_WARN_OBJC_LITERAL_CONVERSION = YES;
				CLANG_WARN_OBJC_ROOT_CLASS = YES_ERROR;
				CLANG_WARN_QUOTED_INCLUDE_IN_FRAMEWORK_HEADER = YES;
				CLANG_WARN_RANGE_LOOP_ANALYSIS = YES;
				CLANG_WARN_STRICT_PROTOTYPES = YES;
				CLANG_WARN_SUSPICIOUS_MOVE = YES;
				CLANG_WARN_UNGUARDED_AVAILABILITY = YES_AGGRESSIVE;
				CLANG_WARN_UNREACHABLE_CODE = YES;
				CLANG_WARN__DUPLICATE_METHOD_MATCH = YES;
				COPY_PHASE_STRIP = NO;
				CURRENT_PROJECT_VERSION = 1;
				DEBUG_INFORMATION_FORMAT = dwarf;
				ENABLE_STRICT_OBJC_MSGSEND = YES;
				ENABLE_TESTABILITY = YES;
				GCC_C_LANGUAGE_STANDARD = gnu11;
				GCC_DYNAMIC_NO_PIC = NO;
				GCC_NO_COMMON_BLOCKS = YES;
				GCC_OPTIMIZATION_LEVEL = 0;
				GCC_PREPROCESSOR_DEFINITIONS = (
					"DEBUG=1",
					"$(inherited)",
				);
				GCC_WARN_64_TO_32_BIT_CONVERSION = YES;
				GCC_WARN_ABOUT_RETURN_TYPE = YES_ERROR;
				GCC_WARN_UNDECLARED_SELECTOR = YES;
				GCC_WARN_UNINITIALIZED_AUTOS = YES_AGGRESSIVE;
				GCC_WARN_UNUSED_FUNCTION = YES;
				GCC_WARN_UNUSED_VARIABLE = YES;
				IPHONEOS_DEPLOYMENT_TARGET = 15.0;
				MTL_ENABLE_DEBUG_INFO = INCLUDE_SOURCE;
				MTL_FAST_MATH = YES;
				ONLY_ACTIVE_ARCH = YES;
				SDKROOT = iphoneos;
				SWIFT_ACTIVE_COMPILATION_CONDITIONS = DEBUG;
				SWIFT_OPTIMIZATION_LEVEL = "-Onone";
				VERSIONING_SYSTEM = "apple-generic";
				VERSION_INFO_PREFIX = "";
			};
			name = Debug;
		};
		038808AA28A0894E00A9304F /* Release */ = {
			isa = XCBuildConfiguration;
			buildSettings = {
				ALWAYS_SEARCH_USER_PATHS = NO;
				CLANG_ANALYZER_NONNULL = YES;
				CLANG_ANALYZER_NUMBER_OBJECT_CONVERSION = YES_AGGRESSIVE;
				CLANG_CXX_LANGUAGE_STANDARD = "gnu++17";
				CLANG_ENABLE_MODULES = YES;
				CLANG_ENABLE_OBJC_ARC = YES;
				CLANG_ENABLE_OBJC_WEAK = YES;
				CLANG_WARN_BLOCK_CAPTURE_AUTORELEASING = YES;
				CLANG_WARN_BOOL_CONVERSION = YES;
				CLANG_WARN_COMMA = YES;
				CLANG_WARN_CONSTANT_CONVERSION = YES;
				CLANG_WARN_DEPRECATED_OBJC_IMPLEMENTATIONS = YES;
				CLANG_WARN_DIRECT_OBJC_ISA_USAGE = YES_ERROR;
				CLANG_WARN_DOCUMENTATION_COMMENTS = YES;
				CLANG_WARN_EMPTY_BODY = YES;
				CLANG_WARN_ENUM_CONVERSION = YES;
				CLANG_WARN_INFINITE_RECURSION = YES;
				CLANG_WARN_INT_CONVERSION = YES;
				CLANG_WARN_NON_LITERAL_NULL_CONVERSION = YES;
				CLANG_WARN_OBJC_IMPLICIT_RETAIN_SELF = YES;
				CLANG_WARN_OBJC_LITERAL_CONVERSION = YES;
				CLANG_WARN_OBJC_ROOT_CLASS = YES_ERROR;
				CLANG_WARN_QUOTED_INCLUDE_IN_FRAMEWORK_HEADER = YES;
				CLANG_WARN_RANGE_LOOP_ANALYSIS = YES;
				CLANG_WARN_STRICT_PROTOTYPES = YES;
				CLANG_WARN_SUSPICIOUS_MOVE = YES;
				CLANG_WARN_UNGUARDED_AVAILABILITY = YES_AGGRESSIVE;
				CLANG_WARN_UNREACHABLE_CODE = YES;
				CLANG_WARN__DUPLICATE_METHOD_MATCH = YES;
				COPY_PHASE_STRIP = NO;
				CURRENT_PROJECT_VERSION = 1;
				DEBUG_INFORMATION_FORMAT = "dwarf-with-dsym";
				ENABLE_NS_ASSERTIONS = NO;
				ENABLE_STRICT_OBJC_MSGSEND = YES;
				GCC_C_LANGUAGE_STANDARD = gnu11;
				GCC_NO_COMMON_BLOCKS = YES;
				GCC_WARN_64_TO_32_BIT_CONVERSION = YES;
				GCC_WARN_ABOUT_RETURN_TYPE = YES_ERROR;
				GCC_WARN_UNDECLARED_SELECTOR = YES;
				GCC_WARN_UNINITIALIZED_AUTOS = YES_AGGRESSIVE;
				GCC_WARN_UNUSED_FUNCTION = YES;
				GCC_WARN_UNUSED_VARIABLE = YES;
				IPHONEOS_DEPLOYMENT_TARGET = 15.0;
				MTL_ENABLE_DEBUG_INFO = NO;
				MTL_FAST_MATH = YES;
				SDKROOT = iphoneos;
				SWIFT_COMPILATION_MODE = wholemodule;
				SWIFT_OPTIMIZATION_LEVEL = "-O";
				VALIDATE_PRODUCT = YES;
				VERSIONING_SYSTEM = "apple-generic";
				VERSION_INFO_PREFIX = "";
			};
			name = Release;
		};
		038808AC28A0894E00A9304F /* Debug */ = {
			isa = XCBuildConfiguration;
			baseConfigurationReference = 7FA020065209A109E27309E7 /* Pods-Networking.debug.xcconfig */;
			buildSettings = {
				CLANG_ENABLE_MODULES = YES;
				CODE_SIGN_STYLE = Automatic;
				CURRENT_PROJECT_VERSION = 1;
				DEFINES_MODULE = YES;
				DEVELOPMENT_TEAM = 48L72N5ZP6;
				DYLIB_COMPATIBILITY_VERSION = 1;
				DYLIB_CURRENT_VERSION = 1;
				DYLIB_INSTALL_NAME_BASE = "@rpath";
				GENERATE_INFOPLIST_FILE = YES;
				INFOPLIST_KEY_NSHumanReadableCopyright = "";
				INSTALL_PATH = "$(LOCAL_LIBRARY_DIR)/Frameworks";
				LD_RUNPATH_SEARCH_PATHS = (
					"$(inherited)",
					"@executable_path/Frameworks",
					"@loader_path/Frameworks",
				);
				MARKETING_VERSION = 1.0;
				PRODUCT_BUNDLE_IDENTIFIER = cl.bastian.Networking;
				PRODUCT_NAME = "$(TARGET_NAME:c99extidentifier)";
				SKIP_INSTALL = YES;
				SWIFT_EMIT_LOC_STRINGS = YES;
				SWIFT_OPTIMIZATION_LEVEL = "-Onone";
				SWIFT_VERSION = 5.0;
				TARGETED_DEVICE_FAMILY = "1,2";
			};
			name = Debug;
		};
		038808AD28A0894E00A9304F /* Release */ = {
			isa = XCBuildConfiguration;
			baseConfigurationReference = 0009B70435498F0762A065C6 /* Pods-Networking.release.xcconfig */;
			buildSettings = {
				CLANG_ENABLE_MODULES = YES;
				CODE_SIGN_STYLE = Automatic;
				CURRENT_PROJECT_VERSION = 1;
				DEFINES_MODULE = YES;
				DEVELOPMENT_TEAM = 48L72N5ZP6;
				DYLIB_COMPATIBILITY_VERSION = 1;
				DYLIB_CURRENT_VERSION = 1;
				DYLIB_INSTALL_NAME_BASE = "@rpath";
				GENERATE_INFOPLIST_FILE = YES;
				INFOPLIST_KEY_NSHumanReadableCopyright = "";
				INSTALL_PATH = "$(LOCAL_LIBRARY_DIR)/Frameworks";
				LD_RUNPATH_SEARCH_PATHS = (
					"$(inherited)",
					"@executable_path/Frameworks",
					"@loader_path/Frameworks",
				);
				MARKETING_VERSION = 1.0;
				PRODUCT_BUNDLE_IDENTIFIER = cl.bastian.Networking;
				PRODUCT_NAME = "$(TARGET_NAME:c99extidentifier)";
				SKIP_INSTALL = YES;
				SWIFT_EMIT_LOC_STRINGS = YES;
				SWIFT_VERSION = 5.0;
				TARGETED_DEVICE_FAMILY = "1,2";
			};
			name = Release;
		};
		038808AF28A0894E00A9304F /* Debug */ = {
			isa = XCBuildConfiguration;
			baseConfigurationReference = D2C7C439A42D8E414FB9632F /* Pods-NetworkingTests.debug.xcconfig */;
			buildSettings = {
				ALWAYS_EMBED_SWIFT_STANDARD_LIBRARIES = YES;
				CODE_SIGN_STYLE = Automatic;
				CURRENT_PROJECT_VERSION = 1;
				DEVELOPMENT_TEAM = 48L72N5ZP6;
				GENERATE_INFOPLIST_FILE = YES;
				MARKETING_VERSION = 1.0;
				PRODUCT_BUNDLE_IDENTIFIER = cl.bastian.NetworkingTests;
				PRODUCT_NAME = "$(TARGET_NAME)";
				SWIFT_EMIT_LOC_STRINGS = NO;
				SWIFT_VERSION = 5.0;
				TARGETED_DEVICE_FAMILY = "1,2";
			};
			name = Debug;
		};
		038808B028A0894E00A9304F /* Release */ = {
			isa = XCBuildConfiguration;
			baseConfigurationReference = 3B824FEBF2CFB5129C376EF1 /* Pods-NetworkingTests.release.xcconfig */;
			buildSettings = {
				ALWAYS_EMBED_SWIFT_STANDARD_LIBRARIES = YES;
				CODE_SIGN_STYLE = Automatic;
				CURRENT_PROJECT_VERSION = 1;
				DEVELOPMENT_TEAM = 48L72N5ZP6;
				GENERATE_INFOPLIST_FILE = YES;
				MARKETING_VERSION = 1.0;
				PRODUCT_BUNDLE_IDENTIFIER = cl.bastian.NetworkingTests;
				PRODUCT_NAME = "$(TARGET_NAME)";
				SWIFT_EMIT_LOC_STRINGS = NO;
				SWIFT_VERSION = 5.0;
				TARGETED_DEVICE_FAMILY = "1,2";
			};
			name = Release;
		};
/* End XCBuildConfiguration section */

/* Begin XCConfigurationList section */
		0388089328A0894D00A9304F /* Build configuration list for PBXProject "Networking" */ = {
			isa = XCConfigurationList;
			buildConfigurations = (
				038808A928A0894E00A9304F /* Debug */,
				038808AA28A0894E00A9304F /* Release */,
			);
			defaultConfigurationIsVisible = 0;
			defaultConfigurationName = Release;
		};
		038808AB28A0894E00A9304F /* Build configuration list for PBXNativeTarget "Networking" */ = {
			isa = XCConfigurationList;
			buildConfigurations = (
				038808AC28A0894E00A9304F /* Debug */,
				038808AD28A0894E00A9304F /* Release */,
			);
			defaultConfigurationIsVisible = 0;
			defaultConfigurationName = Release;
		};
		038808AE28A0894E00A9304F /* Build configuration list for PBXNativeTarget "NetworkingTests" */ = {
			isa = XCConfigurationList;
			buildConfigurations = (
				038808AF28A0894E00A9304F /* Debug */,
				038808B028A0894E00A9304F /* Release */,
			);
			defaultConfigurationIsVisible = 0;
			defaultConfigurationName = Release;
		};
/* End XCConfigurationList section */
	};
	rootObject = 0388089028A0894D00A9304F /* Project object */;
}
