// !$*UTF8*$!
{
	archiveVersion = 1;
	classes = {
	};
	objectVersion = 55;
	objects = {

/* Begin PBXBuildFile section */
		8A2ACEF028A2AED40066D2CE /* Search.docc in Sources */ = {isa = PBXBuildFile; fileRef = 8A2ACEEF28A2AED40066D2CE /* Search.docc */; };
		8A2ACEF628A2AED60066D2CE /* Search.framework in Frameworks */ = {isa = PBXBuildFile; fileRef = 8A2ACEEB28A2AED30066D2CE /* Search.framework */; };
		8A2ACEFB28A2AED60066D2CE /* SearchTests.swift in Sources */ = {isa = PBXBuildFile; fileRef = 8A2ACEFA28A2AED60066D2CE /* SearchTests.swift */; };
		8A2ACEFC28A2AED60066D2CE /* Search.h in Headers */ = {isa = PBXBuildFile; fileRef = 8A2ACEEE28A2AED30066D2CE /* Search.h */; settings = {ATTRIBUTES = (Public, ); }; };
		8A2ACF0A28A2BC8E0066D2CE /* ItunesSearchService.swift in Sources */ = {isa = PBXBuildFile; fileRef = 8A2ACF0928A2BC8E0066D2CE /* ItunesSearchService.swift */; };
		8A2ACF0D28A2BCE90066D2CE /* ItunesElement.swift in Sources */ = {isa = PBXBuildFile; fileRef = 8A2ACF0C28A2BCE90066D2CE /* ItunesElement.swift */; };
		8A2ACF0F28A2BD410066D2CE /* ItunesSearchResponse.swift in Sources */ = {isa = PBXBuildFile; fileRef = 8A2ACF0E28A2BD410066D2CE /* ItunesSearchResponse.swift */; };
		8A2ACF1228A2BDBD0066D2CE /* Networking.framework in Frameworks */ = {isa = PBXBuildFile; fileRef = 8A2ACF1128A2BDBD0066D2CE /* Networking.framework */; };
/* End PBXBuildFile section */

/* Begin PBXContainerItemProxy section */
		8A2ACEF728A2AED60066D2CE /* PBXContainerItemProxy */ = {
			isa = PBXContainerItemProxy;
			containerPortal = 8A2ACEE228A2AED30066D2CE /* Project object */;
			proxyType = 1;
			remoteGlobalIDString = 8A2ACEEA28A2AED30066D2CE;
			remoteInfo = Search;
		};
/* End PBXContainerItemProxy section */

/* Begin PBXFileReference section */
		8A2ACEEB28A2AED30066D2CE /* Search.framework */ = {isa = PBXFileReference; explicitFileType = wrapper.framework; includeInIndex = 0; path = Search.framework; sourceTree = BUILT_PRODUCTS_DIR; };
		8A2ACEEE28A2AED30066D2CE /* Search.h */ = {isa = PBXFileReference; lastKnownFileType = sourcecode.c.h; path = Search.h; sourceTree = "<group>"; };
		8A2ACEEF28A2AED40066D2CE /* Search.docc */ = {isa = PBXFileReference; lastKnownFileType = folder.documentationcatalog; path = Search.docc; sourceTree = "<group>"; };
		8A2ACEF528A2AED60066D2CE /* SearchTests.xctest */ = {isa = PBXFileReference; explicitFileType = wrapper.cfbundle; includeInIndex = 0; path = SearchTests.xctest; sourceTree = BUILT_PRODUCTS_DIR; };
		8A2ACEFA28A2AED60066D2CE /* SearchTests.swift */ = {isa = PBXFileReference; lastKnownFileType = sourcecode.swift; path = SearchTests.swift; sourceTree = "<group>"; };
		8A2ACF0928A2BC8E0066D2CE /* ItunesSearchService.swift */ = {isa = PBXFileReference; lastKnownFileType = sourcecode.swift; path = ItunesSearchService.swift; sourceTree = "<group>"; };
		8A2ACF0C28A2BCE90066D2CE /* ItunesElement.swift */ = {isa = PBXFileReference; lastKnownFileType = sourcecode.swift; path = ItunesElement.swift; sourceTree = "<group>"; };
		8A2ACF0E28A2BD410066D2CE /* ItunesSearchResponse.swift */ = {isa = PBXFileReference; lastKnownFileType = sourcecode.swift; path = ItunesSearchResponse.swift; sourceTree = "<group>"; };
		8A2ACF1128A2BDBD0066D2CE /* Networking.framework */ = {isa = PBXFileReference; explicitFileType = wrapper.framework; path = Networking.framework; sourceTree = BUILT_PRODUCTS_DIR; };
/* End PBXFileReference section */

/* Begin PBXFrameworksBuildPhase section */
		8A2ACEE828A2AED30066D2CE /* Frameworks */ = {
			isa = PBXFrameworksBuildPhase;
			buildActionMask = 2147483647;
			files = (
				8A2ACF1228A2BDBD0066D2CE /* Networking.framework in Frameworks */,
			);
			runOnlyForDeploymentPostprocessing = 0;
		};
		8A2ACEF228A2AED60066D2CE /* Frameworks */ = {
			isa = PBXFrameworksBuildPhase;
			buildActionMask = 2147483647;
			files = (
				8A2ACEF628A2AED60066D2CE /* Search.framework in Frameworks */,
			);
			runOnlyForDeploymentPostprocessing = 0;
		};
/* End PBXFrameworksBuildPhase section */

/* Begin PBXGroup section */
		8A2ACEE128A2AED30066D2CE = {
			isa = PBXGroup;
			children = (
				8A2ACEED28A2AED30066D2CE /* Search */,
				8A2ACEF928A2AED60066D2CE /* SearchTests */,
				8A2ACEEC28A2AED30066D2CE /* Products */,
				8A2ACF1028A2BDBD0066D2CE /* Frameworks */,
			);
			sourceTree = "<group>";
		};
		8A2ACEEC28A2AED30066D2CE /* Products */ = {
			isa = PBXGroup;
			children = (
				8A2ACEEB28A2AED30066D2CE /* Search.framework */,
				8A2ACEF528A2AED60066D2CE /* SearchTests.xctest */,
			);
			name = Products;
			sourceTree = "<group>";
		};
		8A2ACEED28A2AED30066D2CE /* Search */ = {
			isa = PBXGroup;
			children = (
				8A2ACEEF28A2AED40066D2CE /* Search.docc */,
				8A2ACEEE28A2AED30066D2CE /* Search.h */,
				8A2ACF0628A2BAE90066D2CE /* Provider */,
				8A2ACF0528A2BAD40066D2CE /* Service */,
				8A2ACF0828A2BC130066D2CE /* ViewModel */,
				8A2ACF0728A2BC0E0066D2CE /* Views */,
			);
			path = Search;
			sourceTree = "<group>";
		};
		8A2ACEF928A2AED60066D2CE /* SearchTests */ = {
			isa = PBXGroup;
			children = (
				8A2ACEFA28A2AED60066D2CE /* SearchTests.swift */,
			);
			path = SearchTests;
			sourceTree = "<group>";
		};
		8A2ACF0528A2BAD40066D2CE /* Service */ = {
			isa = PBXGroup;
			children = (
				8A2ACF0B28A2BCB90066D2CE /* Model */,
				8A2ACF0928A2BC8E0066D2CE /* ItunesSearchService.swift */,
			);
			path = Service;
			sourceTree = "<group>";
		};
		8A2ACF0628A2BAE90066D2CE /* Provider */ = {
			isa = PBXGroup;
			children = (
			);
			path = Provider;
			sourceTree = "<group>";
		};
		8A2ACF0728A2BC0E0066D2CE /* Views */ = {
			isa = PBXGroup;
			children = (
			);
			path = Views;
			sourceTree = "<group>";
		};
		8A2ACF0828A2BC130066D2CE /* ViewModel */ = {
			isa = PBXGroup;
			children = (
			);
			path = ViewModel;
			sourceTree = "<group>";
		};
		8A2ACF0B28A2BCB90066D2CE /* Model */ = {
			isa = PBXGroup;
			children = (
				8A2ACF0C28A2BCE90066D2CE /* ItunesElement.swift */,
				8A2ACF0E28A2BD410066D2CE /* ItunesSearchResponse.swift */,
			);
			path = Model;
			sourceTree = "<group>";
		};
		8A2ACF1028A2BDBD0066D2CE /* Frameworks */ = {
			isa = PBXGroup;
			children = (
				8A2ACF1128A2BDBD0066D2CE /* Networking.framework */,
			);
			name = Frameworks;
			sourceTree = "<group>";
		};
/* End PBXGroup section */

/* Begin PBXHeadersBuildPhase section */
		8A2ACEE628A2AED30066D2CE /* Headers */ = {
			isa = PBXHeadersBuildPhase;
			buildActionMask = 2147483647;
			files = (
				8A2ACEFC28A2AED60066D2CE /* Search.h in Headers */,
			);
			runOnlyForDeploymentPostprocessing = 0;
		};
/* End PBXHeadersBuildPhase section */

/* Begin PBXNativeTarget section */
		8A2ACEEA28A2AED30066D2CE /* Search */ = {
			isa = PBXNativeTarget;
			buildConfigurationList = 8A2ACEFF28A2AED60066D2CE /* Build configuration list for PBXNativeTarget "Search" */;
			buildPhases = (
				8A2ACEE628A2AED30066D2CE /* Headers */,
				8A2ACEE728A2AED30066D2CE /* Sources */,
				8A2ACEE828A2AED30066D2CE /* Frameworks */,
				8A2ACEE928A2AED30066D2CE /* Resources */,
			);
			buildRules = (
			);
			dependencies = (
			);
			name = Search;
			productName = Search;
			productReference = 8A2ACEEB28A2AED30066D2CE /* Search.framework */;
			productType = "com.apple.product-type.framework";
		};
		8A2ACEF428A2AED60066D2CE /* SearchTests */ = {
			isa = PBXNativeTarget;
			buildConfigurationList = 8A2ACF0228A2AED60066D2CE /* Build configuration list for PBXNativeTarget "SearchTests" */;
			buildPhases = (
				8A2ACEF128A2AED60066D2CE /* Sources */,
				8A2ACEF228A2AED60066D2CE /* Frameworks */,
				8A2ACEF328A2AED60066D2CE /* Resources */,
			);
			buildRules = (
			);
			dependencies = (
				8A2ACEF828A2AED60066D2CE /* PBXTargetDependency */,
			);
			name = SearchTests;
			productName = SearchTests;
			productReference = 8A2ACEF528A2AED60066D2CE /* SearchTests.xctest */;
			productType = "com.apple.product-type.bundle.unit-test";
		};
/* End PBXNativeTarget section */

/* Begin PBXProject section */
		8A2ACEE228A2AED30066D2CE /* Project object */ = {
			isa = PBXProject;
			attributes = {
				BuildIndependentTargetsInParallel = 1;
				LastSwiftUpdateCheck = 1340;
				LastUpgradeCheck = 1340;
				TargetAttributes = {
					8A2ACEEA28A2AED30066D2CE = {
						CreatedOnToolsVersion = 13.4;
					};
					8A2ACEF428A2AED60066D2CE = {
						CreatedOnToolsVersion = 13.4;
					};
				};
			};
			buildConfigurationList = 8A2ACEE528A2AED30066D2CE /* Build configuration list for PBXProject "Search" */;
			compatibilityVersion = "Xcode 13.0";
			developmentRegion = en;
			hasScannedForEncodings = 0;
			knownRegions = (
				en,
				Base,
			);
			mainGroup = 8A2ACEE128A2AED30066D2CE;
			productRefGroup = 8A2ACEEC28A2AED30066D2CE /* Products */;
			projectDirPath = "";
			projectRoot = "";
			targets = (
				8A2ACEEA28A2AED30066D2CE /* Search */,
				8A2ACEF428A2AED60066D2CE /* SearchTests */,
			);
		};
/* End PBXProject section */

/* Begin PBXResourcesBuildPhase section */
		8A2ACEE928A2AED30066D2CE /* Resources */ = {
			isa = PBXResourcesBuildPhase;
			buildActionMask = 2147483647;
			files = (
			);
			runOnlyForDeploymentPostprocessing = 0;
		};
		8A2ACEF328A2AED60066D2CE /* Resources */ = {
			isa = PBXResourcesBuildPhase;
			buildActionMask = 2147483647;
			files = (
			);
			runOnlyForDeploymentPostprocessing = 0;
		};
/* End PBXResourcesBuildPhase section */

/* Begin PBXSourcesBuildPhase section */
		8A2ACEE728A2AED30066D2CE /* Sources */ = {
			isa = PBXSourcesBuildPhase;
			buildActionMask = 2147483647;
			files = (
				8A2ACEF028A2AED40066D2CE /* Search.docc in Sources */,
				8A2ACF0D28A2BCE90066D2CE /* ItunesElement.swift in Sources */,
				8A2ACF0F28A2BD410066D2CE /* ItunesSearchResponse.swift in Sources */,
				8A2ACF0A28A2BC8E0066D2CE /* ItunesSearchService.swift in Sources */,
			);
			runOnlyForDeploymentPostprocessing = 0;
		};
		8A2ACEF128A2AED60066D2CE /* Sources */ = {
			isa = PBXSourcesBuildPhase;
			buildActionMask = 2147483647;
			files = (
				8A2ACEFB28A2AED60066D2CE /* SearchTests.swift in Sources */,
			);
			runOnlyForDeploymentPostprocessing = 0;
		};
/* End PBXSourcesBuildPhase section */

/* Begin PBXTargetDependency section */
		8A2ACEF828A2AED60066D2CE /* PBXTargetDependency */ = {
			isa = PBXTargetDependency;
			target = 8A2ACEEA28A2AED30066D2CE /* Search */;
			targetProxy = 8A2ACEF728A2AED60066D2CE /* PBXContainerItemProxy */;
		};
/* End PBXTargetDependency section */

/* Begin XCBuildConfiguration section */
		8A2ACEFD28A2AED60066D2CE /* Debug */ = {
			isa = XCBuildConfiguration;
			buildSettings = {
				ALWAYS_SEARCH_USER_PATHS = NO;
				CLANG_ANALYZER_NONNULL = YES;
				CLANG_ANALYZER_NUMBER_OBJECT_CONVERSION = YES_AGGRESSIVE;
				CLANG_CXX_LANGUAGE_STANDARD = "gnu++17";
				CLANG_ENABLE_MODULES = YES;
				CLANG_ENABLE_OBJC_ARC = YES;
				CLANG_ENABLE_OBJC_WEAK = YES;
				CLANG_WARN_BLOCK_CAPTURE_AUTORELEASING = YES;
				CLANG_WARN_BOOL_CONVERSION = YES;
				CLANG_WARN_COMMA = YES;
				CLANG_WARN_CONSTANT_CONVERSION = YES;
				CLANG_WARN_DEPRECATED_OBJC_IMPLEMENTATIONS = YES;
				CLANG_WARN_DIRECT_OBJC_ISA_USAGE = YES_ERROR;
				CLANG_WARN_DOCUMENTATION_COMMENTS = YES;
				CLANG_WARN_EMPTY_BODY = YES;
				CLANG_WARN_ENUM_CONVERSION = YES;
				CLANG_WARN_INFINITE_RECURSION = YES;
				CLANG_WARN_INT_CONVERSION = YES;
				CLANG_WARN_NON_LITERAL_NULL_CONVERSION = YES;
				CLANG_WARN_OBJC_IMPLICIT_RETAIN_SELF = YES;
				CLANG_WARN_OBJC_LITERAL_CONVERSION = YES;
				CLANG_WARN_OBJC_ROOT_CLASS = YES_ERROR;
				CLANG_WARN_QUOTED_INCLUDE_IN_FRAMEWORK_HEADER = YES;
				CLANG_WARN_RANGE_LOOP_ANALYSIS = YES;
				CLANG_WARN_STRICT_PROTOTYPES = YES;
				CLANG_WARN_SUSPICIOUS_MOVE = YES;
				CLANG_WARN_UNGUARDED_AVAILABILITY = YES_AGGRESSIVE;
				CLANG_WARN_UNREACHABLE_CODE = YES;
				CLANG_WARN__DUPLICATE_METHOD_MATCH = YES;
				COPY_PHASE_STRIP = NO;
				CURRENT_PROJECT_VERSION = 1;
				DEBUG_INFORMATION_FORMAT = dwarf;
				ENABLE_STRICT_OBJC_MSGSEND = YES;
				ENABLE_TESTABILITY = YES;
				GCC_C_LANGUAGE_STANDARD = gnu11;
				GCC_DYNAMIC_NO_PIC = NO;
				GCC_NO_COMMON_BLOCKS = YES;
				GCC_OPTIMIZATION_LEVEL = 0;
				GCC_PREPROCESSOR_DEFINITIONS = (
					"DEBUG=1",
					"$(inherited)",
				);
				GCC_WARN_64_TO_32_BIT_CONVERSION = YES;
				GCC_WARN_ABOUT_RETURN_TYPE = YES_ERROR;
				GCC_WARN_UNDECLARED_SELECTOR = YES;
				GCC_WARN_UNINITIALIZED_AUTOS = YES_AGGRESSIVE;
				GCC_WARN_UNUSED_FUNCTION = YES;
				GCC_WARN_UNUSED_VARIABLE = YES;
				IPHONEOS_DEPLOYMENT_TARGET = 15.0;
				MTL_ENABLE_DEBUG_INFO = INCLUDE_SOURCE;
				MTL_FAST_MATH = YES;
				ONLY_ACTIVE_ARCH = YES;
				SDKROOT = iphoneos;
				SWIFT_ACTIVE_COMPILATION_CONDITIONS = DEBUG;
				SWIFT_OPTIMIZATION_LEVEL = "-Onone";
				VERSIONING_SYSTEM = "apple-generic";
				VERSION_INFO_PREFIX = "";
			};
			name = Debug;
		};
		8A2ACEFE28A2AED60066D2CE /* Release */ = {
			isa = XCBuildConfiguration;
			buildSettings = {
				ALWAYS_SEARCH_USER_PATHS = NO;
				CLANG_ANALYZER_NONNULL = YES;
				CLANG_ANALYZER_NUMBER_OBJECT_CONVERSION = YES_AGGRESSIVE;
				CLANG_CXX_LANGUAGE_STANDARD = "gnu++17";
				CLANG_ENABLE_MODULES = YES;
				CLANG_ENABLE_OBJC_ARC = YES;
				CLANG_ENABLE_OBJC_WEAK = YES;
				CLANG_WARN_BLOCK_CAPTURE_AUTORELEASING = YES;
				CLANG_WARN_BOOL_CONVERSION = YES;
				CLANG_WARN_COMMA = YES;
				CLANG_WARN_CONSTANT_CONVERSION = YES;
				CLANG_WARN_DEPRECATED_OBJC_IMPLEMENTATIONS = YES;
				CLANG_WARN_DIRECT_OBJC_ISA_USAGE = YES_ERROR;
				CLANG_WARN_DOCUMENTATION_COMMENTS = YES;
				CLANG_WARN_EMPTY_BODY = YES;
				CLANG_WARN_ENUM_CONVERSION = YES;
				CLANG_WARN_INFINITE_RECURSION = YES;
				CLANG_WARN_INT_CONVERSION = YES;
				CLANG_WARN_NON_LITERAL_NULL_CONVERSION = YES;
				CLANG_WARN_OBJC_IMPLICIT_RETAIN_SELF = YES;
				CLANG_WARN_OBJC_LITERAL_CONVERSION = YES;
				CLANG_WARN_OBJC_ROOT_CLASS = YES_ERROR;
				CLANG_WARN_QUOTED_INCLUDE_IN_FRAMEWORK_HEADER = YES;
				CLANG_WARN_RANGE_LOOP_ANALYSIS = YES;
				CLANG_WARN_STRICT_PROTOTYPES = YES;
				CLANG_WARN_SUSPICIOUS_MOVE = YES;
				CLANG_WARN_UNGUARDED_AVAILABILITY = YES_AGGRESSIVE;
				CLANG_WARN_UNREACHABLE_CODE = YES;
				CLANG_WARN__DUPLICATE_METHOD_MATCH = YES;
				COPY_PHASE_STRIP = NO;
				CURRENT_PROJECT_VERSION = 1;
				DEBUG_INFORMATION_FORMAT = "dwarf-with-dsym";
				ENABLE_NS_ASSERTIONS = NO;
				ENABLE_STRICT_OBJC_MSGSEND = YES;
				GCC_C_LANGUAGE_STANDARD = gnu11;
				GCC_NO_COMMON_BLOCKS = YES;
				GCC_WARN_64_TO_32_BIT_CONVERSION = YES;
				GCC_WARN_ABOUT_RETURN_TYPE = YES_ERROR;
				GCC_WARN_UNDECLARED_SELECTOR = YES;
				GCC_WARN_UNINITIALIZED_AUTOS = YES_AGGRESSIVE;
				GCC_WARN_UNUSED_FUNCTION = YES;
				GCC_WARN_UNUSED_VARIABLE = YES;
				IPHONEOS_DEPLOYMENT_TARGET = 15.0;
				MTL_ENABLE_DEBUG_INFO = NO;
				MTL_FAST_MATH = YES;
				SDKROOT = iphoneos;
				SWIFT_COMPILATION_MODE = wholemodule;
				SWIFT_OPTIMIZATION_LEVEL = "-O";
				VALIDATE_PRODUCT = YES;
				VERSIONING_SYSTEM = "apple-generic";
				VERSION_INFO_PREFIX = "";
			};
			name = Release;
		};
		8A2ACF0028A2AED60066D2CE /* Debug */ = {
			isa = XCBuildConfiguration;
			buildSettings = {
				CODE_SIGN_STYLE = Automatic;
				CURRENT_PROJECT_VERSION = 1;
				DEFINES_MODULE = YES;
				DYLIB_COMPATIBILITY_VERSION = 1;
				DYLIB_CURRENT_VERSION = 1;
				DYLIB_INSTALL_NAME_BASE = "@rpath";
				GENERATE_INFOPLIST_FILE = YES;
				INFOPLIST_KEY_NSHumanReadableCopyright = "";
				INSTALL_PATH = "$(LOCAL_LIBRARY_DIR)/Frameworks";
				LD_RUNPATH_SEARCH_PATHS = (
					"$(inherited)",
					"@executable_path/Frameworks",
					"@loader_path/Frameworks",
				);
				MARKETING_VERSION = 1.0;
				PRODUCT_BUNDLE_IDENTIFIER = cl.bastian.Search;
				PRODUCT_NAME = "$(TARGET_NAME:c99extidentifier)";
				SKIP_INSTALL = YES;
				SWIFT_EMIT_LOC_STRINGS = YES;
				SWIFT_VERSION = 5.0;
				TARGETED_DEVICE_FAMILY = "1,2";
			};
			name = Debug;
		};
		8A2ACF0128A2AED60066D2CE /* Release */ = {
			isa = XCBuildConfiguration;
			buildSettings = {
				CODE_SIGN_STYLE = Automatic;
				CURRENT_PROJECT_VERSION = 1;
				DEFINES_MODULE = YES;
				DYLIB_COMPATIBILITY_VERSION = 1;
				DYLIB_CURRENT_VERSION = 1;
				DYLIB_INSTALL_NAME_BASE = "@rpath";
				GENERATE_INFOPLIST_FILE = YES;
				INFOPLIST_KEY_NSHumanReadableCopyright = "";
				INSTALL_PATH = "$(LOCAL_LIBRARY_DIR)/Frameworks";
				LD_RUNPATH_SEARCH_PATHS = (
					"$(inherited)",
					"@executable_path/Frameworks",
					"@loader_path/Frameworks",
				);
				MARKETING_VERSION = 1.0;
				PRODUCT_BUNDLE_IDENTIFIER = cl.bastian.Search;
				PRODUCT_NAME = "$(TARGET_NAME:c99extidentifier)";
				SKIP_INSTALL = YES;
				SWIFT_EMIT_LOC_STRINGS = YES;
				SWIFT_VERSION = 5.0;
				TARGETED_DEVICE_FAMILY = "1,2";
			};
			name = Release;
		};
		8A2ACF0328A2AED60066D2CE /* Debug */ = {
			isa = XCBuildConfiguration;
			buildSettings = {
				ALWAYS_EMBED_SWIFT_STANDARD_LIBRARIES = YES;
				CODE_SIGN_STYLE = Automatic;
				CURRENT_PROJECT_VERSION = 1;
				GENERATE_INFOPLIST_FILE = YES;
				MARKETING_VERSION = 1.0;
				PRODUCT_BUNDLE_IDENTIFIER = cl.bastian.SearchTests;
				PRODUCT_NAME = "$(TARGET_NAME)";
				SWIFT_EMIT_LOC_STRINGS = NO;
				SWIFT_VERSION = 5.0;
				TARGETED_DEVICE_FAMILY = "1,2";
			};
			name = Debug;
		};
		8A2ACF0428A2AED60066D2CE /* Release */ = {
			isa = XCBuildConfiguration;
			buildSettings = {
				ALWAYS_EMBED_SWIFT_STANDARD_LIBRARIES = YES;
				CODE_SIGN_STYLE = Automatic;
				CURRENT_PROJECT_VERSION = 1;
				GENERATE_INFOPLIST_FILE = YES;
				MARKETING_VERSION = 1.0;
				PRODUCT_BUNDLE_IDENTIFIER = cl.bastian.SearchTests;
				PRODUCT_NAME = "$(TARGET_NAME)";
				SWIFT_EMIT_LOC_STRINGS = NO;
				SWIFT_VERSION = 5.0;
				TARGETED_DEVICE_FAMILY = "1,2";
			};
			name = Release;
		};
/* End XCBuildConfiguration section */

/* Begin XCConfigurationList section */
		8A2ACEE528A2AED30066D2CE /* Build configuration list for PBXProject "Search" */ = {
			isa = XCConfigurationList;
			buildConfigurations = (
				8A2ACEFD28A2AED60066D2CE /* Debug */,
				8A2ACEFE28A2AED60066D2CE /* Release */,
			);
			defaultConfigurationIsVisible = 0;
			defaultConfigurationName = Release;
		};
		8A2ACEFF28A2AED60066D2CE /* Build configuration list for PBXNativeTarget "Search" */ = {
			isa = XCConfigurationList;
			buildConfigurations = (
				8A2ACF0028A2AED60066D2CE /* Debug */,
				8A2ACF0128A2AED60066D2CE /* Release */,
			);
			defaultConfigurationIsVisible = 0;
			defaultConfigurationName = Release;
		};
		8A2ACF0228A2AED60066D2CE /* Build configuration list for PBXNativeTarget "SearchTests" */ = {
			isa = XCConfigurationList;
			buildConfigurations = (
				8A2ACF0328A2AED60066D2CE /* Debug */,
				8A2ACF0428A2AED60066D2CE /* Release */,
			);
			defaultConfigurationIsVisible = 0;
			defaultConfigurationName = Release;
		};
/* End XCConfigurationList section */
	};
	rootObject = 8A2ACEE228A2AED30066D2CE /* Project object */;
}
